
Microsoft Visual Studio Solution File, Format Version 12.00
# Visual Studio Version 17
VisualStudioVersion = 17.4.33205.214
MinimumVisualStudioVersion = 10.0.40219.1
Project("{FAE04EC0-301F-11D3-BF4B-00C04F79EFBC}") = "Session-04", "Session-04\Session-04.csproj", "{664F79E8-0C70-4287-8A50-0FB720628E7B}"
EndProject
Global
	GlobalSection(SolutionConfigurationPlatforms) = preSolution
		Debug|Any CPU = Debug|Any CPU
		Release|Any CPU = Release|Any CPU
	EndGlobalSection
	GlobalSection(ProjectConfigurationPlatforms) = postSolution
		{664F79E8-0C70-4287-8A50-0FB720628E7B}.Debug|Any CPU.ActiveCfg = Debug|Any CPU
		{664F79E8-0C70-4287-8A50-0FB720628E7B}.Debug|Any CPU.Build.0 = Debug|Any CPU
		{664F79E8-0C70-4287-8A50-0FB720628E7B}.Release|Any CPU.ActiveCfg = Release|Any CPU
		{664F79E8-0C70-4287-8A50-0FB720628E7B}.Release|Any CPU.Build.0 = Release|Any CPU
	EndGlobalSection
	GlobalSection(SolutionProperties) = preSolution
		HideSolutionNode = FALSE
	EndGlobalSection
	GlobalSection(ExtensibilityGlobals) = postSolution
		SolutionGuid = {61CBB9CD-B640-46A0-B03C-20449C83C328}
	EndGlobalSection
EndGlobal
