
Microsoft Visual Studio Solution File, Format Version 12.00
# Visual Studio Version 17
VisualStudioVersion = 17.4.33205.214
MinimumVisualStudioVersion = 10.0.40219.1
Project("{FAE04EC0-301F-11D3-BF4B-00C04F79EFBC}") = "Session-03", "Session-03\Session-03.csproj", "{6647B8D0-F3A8-4B03-88B2-8E94489E965D}"
EndProject
Global
	GlobalSection(SolutionConfigurationPlatforms) = preSolution
		Debug|Any CPU = Debug|Any CPU
		Release|Any CPU = Release|Any CPU
	EndGlobalSection
	GlobalSection(ProjectConfigurationPlatforms) = postSolution
		{6647B8D0-F3A8-4B03-88B2-8E94489E965D}.Debug|Any CPU.ActiveCfg = Debug|Any CPU
		{6647B8D0-F3A8-4B03-88B2-8E94489E965D}.Debug|Any CPU.Build.0 = Debug|Any CPU
		{6647B8D0-F3A8-4B03-88B2-8E94489E965D}.Release|Any CPU.ActiveCfg = Release|Any CPU
		{6647B8D0-F3A8-4B03-88B2-8E94489E965D}.Release|Any CPU.Build.0 = Release|Any CPU
	EndGlobalSection
	GlobalSection(SolutionProperties) = preSolution
		HideSolutionNode = FALSE
	EndGlobalSection
	GlobalSection(ExtensibilityGlobals) = postSolution
		SolutionGuid = {854BF47B-427C-4DEC-96DA-6923EE8223B1}
	EndGlobalSection
EndGlobal
